// !$*UTF8*$!
{
	archiveVersion = 1;
	classes = {
	};
	objectVersion = 50;
	objects = {

/* Begin PBXBuildFile section */
		9456041024EF839C00356A6F /* TimerView.swift in Sources */ = {isa = PBXBuildFile; fileRef = 9456040F24EF839C00356A6F /* TimerView.swift */; };
		9482CFE524F2384600833A6A /* SessionTimer.swift in Sources */ = {isa = PBXBuildFile; fileRef = 9482CFE424F2384600833A6A /* SessionTimer.swift */; };
		9482CFEA24F3116B00833A6A /* chime.mp3 in Resources */ = {isa = PBXBuildFile; fileRef = 9482CFE924F3116B00833A6A /* chime.mp3 */; };
		94EC3DAA24EA42F1007A3E3A /* AppDelegate.swift in Sources */ = {isa = PBXBuildFile; fileRef = 94EC3DA924EA42F1007A3E3A /* AppDelegate.swift */; };
		94EC3DAC24EA42F1007A3E3A /* SceneDelegate.swift in Sources */ = {isa = PBXBuildFile; fileRef = 94EC3DAB24EA42F1007A3E3A /* SceneDelegate.swift */; };
		94EC3DAE24EA42F1007A3E3A /* ContentView.swift in Sources */ = {isa = PBXBuildFile; fileRef = 94EC3DAD24EA42F1007A3E3A /* ContentView.swift */; };
		94EC3DB024EA42F1007A3E3A /* Assets.xcassets in Resources */ = {isa = PBXBuildFile; fileRef = 94EC3DAF24EA42F1007A3E3A /* Assets.xcassets */; };
		94EC3DB324EA42F1007A3E3A /* Preview Assets.xcassets in Resources */ = {isa = PBXBuildFile; fileRef = 94EC3DB224EA42F1007A3E3A /* Preview Assets.xcassets */; };
		94EC3DB624EA42F1007A3E3A /* LaunchScreen.storyboard in Resources */ = {isa = PBXBuildFile; fileRef = 94EC3DB424EA42F1007A3E3A /* LaunchScreen.storyboard */; };
/* End PBXBuildFile section */

/* Begin PBXFileReference section */
		9456040F24EF839C00356A6F /* TimerView.swift */ = {isa = PBXFileReference; lastKnownFileType = sourcecode.swift; path = TimerView.swift; sourceTree = "<group>"; tabWidth = 4; usesTabs = 0; };
		9482CFE424F2384600833A6A /* SessionTimer.swift */ = {isa = PBXFileReference; lastKnownFileType = sourcecode.swift; path = SessionTimer.swift; sourceTree = "<group>"; };
		9482CFE924F3116B00833A6A /* chime.mp3 */ = {isa = PBXFileReference; lastKnownFileType = audio.mp3; path = chime.mp3; sourceTree = "<group>"; };
		94EC3DA624EA42F1007A3E3A /* Sit.app */ = {isa = PBXFileReference; explicitFileType = wrapper.application; includeInIndex = 0; path = Sit.app; sourceTree = BUILT_PRODUCTS_DIR; };
		94EC3DA924EA42F1007A3E3A /* AppDelegate.swift */ = {isa = PBXFileReference; lastKnownFileType = sourcecode.swift; path = AppDelegate.swift; sourceTree = "<group>"; };
		94EC3DAB24EA42F1007A3E3A /* SceneDelegate.swift */ = {isa = PBXFileReference; lastKnownFileType = sourcecode.swift; path = SceneDelegate.swift; sourceTree = "<group>"; };
		94EC3DAD24EA42F1007A3E3A /* ContentView.swift */ = {isa = PBXFileReference; lastKnownFileType = sourcecode.swift; path = ContentView.swift; sourceTree = "<group>"; };
		94EC3DAF24EA42F1007A3E3A /* Assets.xcassets */ = {isa = PBXFileReference; lastKnownFileType = folder.assetcatalog; path = Assets.xcassets; sourceTree = "<group>"; };
		94EC3DB224EA42F1007A3E3A /* Preview Assets.xcassets */ = {isa = PBXFileReference; lastKnownFileType = folder.assetcatalog; path = "Preview Assets.xcassets"; sourceTree = "<group>"; };
		94EC3DB524EA42F1007A3E3A /* Base */ = {isa = PBXFileReference; lastKnownFileType = file.storyboard; name = Base; path = Base.lproj/LaunchScreen.storyboard; sourceTree = "<group>"; };
		94EC3DB724EA42F1007A3E3A /* Info.plist */ = {isa = PBXFileReference; lastKnownFileType = text.plist.xml; path = Info.plist; sourceTree = "<group>"; };
/* End PBXFileReference section */

/* Begin PBXFrameworksBuildPhase section */
		94EC3DA324EA42F1007A3E3A /* Frameworks */ = {
			isa = PBXFrameworksBuildPhase;
			buildActionMask = 2147483647;
			files = (
			);
			runOnlyForDeploymentPostprocessing = 0;
		};
/* End PBXFrameworksBuildPhase section */

/* Begin PBXGroup section */
		9482CFE624F30E8700833A6A /* Sounds */ = {
			isa = PBXGroup;
			children = (
				9482CFE924F3116B00833A6A /* chime.mp3 */,
			);
			path = Sounds;
			sourceTree = "<group>";
		};
		94EC3D9D24EA42F1007A3E3A = {
			isa = PBXGroup;
			children = (
				94EC3DA824EA42F1007A3E3A /* Sit */,
				94EC3DA724EA42F1007A3E3A /* Products */,
			);
			sourceTree = "<group>";
		};
		94EC3DA724EA42F1007A3E3A /* Products */ = {
			isa = PBXGroup;
			children = (
				94EC3DA624EA42F1007A3E3A /* Sit.app */,
			);
			name = Products;
			sourceTree = "<group>";
		};
		94EC3DA824EA42F1007A3E3A /* Sit */ = {
			isa = PBXGroup;
			children = (
				9482CFE624F30E8700833A6A /* Sounds */,
				94EC3DA924EA42F1007A3E3A /* AppDelegate.swift */,
				94EC3DAB24EA42F1007A3E3A /* SceneDelegate.swift */,
				94EC3DAD24EA42F1007A3E3A /* ContentView.swift */,
				9456040F24EF839C00356A6F /* TimerView.swift */,
				9482CFE424F2384600833A6A /* SessionTimer.swift */,
				94EC3DAF24EA42F1007A3E3A /* Assets.xcassets */,
				94EC3DB424EA42F1007A3E3A /* LaunchScreen.storyboard */,
				94EC3DB724EA42F1007A3E3A /* Info.plist */,
				94EC3DB124EA42F1007A3E3A /* Preview Content */,
			);
			path = Sit;
			sourceTree = "<group>";
		};
		94EC3DB124EA42F1007A3E3A /* Preview Content */ = {
			isa = PBXGroup;
			children = (
				94EC3DB224EA42F1007A3E3A /* Preview Assets.xcassets */,
			);
			path = "Preview Content";
			sourceTree = "<group>";
		};
/* End PBXGroup section */

/* Begin PBXNativeTarget section */
		94EC3DA524EA42F1007A3E3A /* Sit */ = {
			isa = PBXNativeTarget;
			buildConfigurationList = 94EC3DBA24EA42F1007A3E3A /* Build configuration list for PBXNativeTarget "Sit" */;
			buildPhases = (
				94EC3DA224EA42F1007A3E3A /* Sources */,
				94EC3DA324EA42F1007A3E3A /* Frameworks */,
				94EC3DA424EA42F1007A3E3A /* Resources */,
			);
			buildRules = (
			);
			dependencies = (
			);
			name = Sit;
			productName = Sit;
			productReference = 94EC3DA624EA42F1007A3E3A /* Sit.app */;
			productType = "com.apple.product-type.application";
		};
/* End PBXNativeTarget section */

/* Begin PBXProject section */
		94EC3D9E24EA42F1007A3E3A /* Project object */ = {
			isa = PBXProject;
			attributes = {
				LastSwiftUpdateCheck = 1160;
				LastUpgradeCheck = 1200;
				ORGANIZATIONNAME = "Mike Skalnik";
				TargetAttributes = {
					94EC3DA524EA42F1007A3E3A = {
						CreatedOnToolsVersion = 11.6;
					};
				};
			};
			buildConfigurationList = 94EC3DA124EA42F1007A3E3A /* Build configuration list for PBXProject "Sit" */;
			compatibilityVersion = "Xcode 9.3";
			developmentRegion = en;
			hasScannedForEncodings = 0;
			knownRegions = (
				en,
				Base,
			);
			mainGroup = 94EC3D9D24EA42F1007A3E3A;
			productRefGroup = 94EC3DA724EA42F1007A3E3A /* Products */;
			projectDirPath = "";
			projectRoot = "";
			targets = (
				94EC3DA524EA42F1007A3E3A /* Sit */,
			);
		};
/* End PBXProject section */

/* Begin PBXResourcesBuildPhase section */
		94EC3DA424EA42F1007A3E3A /* Resources */ = {
			isa = PBXResourcesBuildPhase;
			buildActionMask = 2147483647;
			files = (
				94EC3DB624EA42F1007A3E3A /* LaunchScreen.storyboard in Resources */,
				9482CFEA24F3116B00833A6A /* chime.mp3 in Resources */,
				94EC3DB324EA42F1007A3E3A /* Preview Assets.xcassets in Resources */,
				94EC3DB024EA42F1007A3E3A /* Assets.xcassets in Resources */,
			);
			runOnlyForDeploymentPostprocessing = 0;
		};
/* End PBXResourcesBuildPhase section */

/* Begin PBXSourcesBuildPhase section */
		94EC3DA224EA42F1007A3E3A /* Sources */ = {
			isa = PBXSourcesBuildPhase;
			buildActionMask = 2147483647;
			files = (
				94EC3DAA24EA42F1007A3E3A /* AppDelegate.swift in Sources */,
				94EC3DAC24EA42F1007A3E3A /* SceneDelegate.swift in Sources */,
				9456041024EF839C00356A6F /* TimerView.swift in Sources */,
				94EC3DAE24EA42F1007A3E3A /* ContentView.swift in Sources */,
				9482CFE524F2384600833A6A /* SessionTimer.swift in Sources */,
			);
			runOnlyForDeploymentPostprocessing = 0;
		};
/* End PBXSourcesBuildPhase section */

/* Begin PBXVariantGroup section */
		94EC3DB424EA42F1007A3E3A /* LaunchScreen.storyboard */ = {
			isa = PBXVariantGroup;
			children = (
				94EC3DB524EA42F1007A3E3A /* Base */,
			);
			name = LaunchScreen.storyboard;
			sourceTree = "<group>";
		};
/* End PBXVariantGroup section */

/* Begin XCBuildConfiguration section */
		94EC3DB824EA42F1007A3E3A /* Debug */ = {
			isa = XCBuildConfiguration;
			buildSettings = {
				ALWAYS_SEARCH_USER_PATHS = NO;
				CLANG_ANALYZER_NONNULL = YES;
				CLANG_ANALYZER_NUMBER_OBJECT_CONVERSION = YES_AGGRESSIVE;
				CLANG_CXX_LANGUAGE_STANDARD = "gnu++14";
				CLANG_CXX_LIBRARY = "libc++";
				CLANG_ENABLE_MODULES = YES;
				CLANG_ENABLE_OBJC_ARC = YES;
				CLANG_ENABLE_OBJC_WEAK = YES;
				CLANG_WARN_BLOCK_CAPTURE_AUTORELEASING = YES;
				CLANG_WARN_BOOL_CONVERSION = YES;
				CLANG_WARN_COMMA = YES;
				CLANG_WARN_CONSTANT_CONVERSION = YES;
				CLANG_WARN_DEPRECATED_OBJC_IMPLEMENTATIONS = YES;
				CLANG_WARN_DIRECT_OBJC_ISA_USAGE = YES_ERROR;
				CLANG_WARN_DOCUMENTATION_COMMENTS = YES;
				CLANG_WARN_EMPTY_BODY = YES;
				CLANG_WARN_ENUM_CONVERSION = YES;
				CLANG_WARN_INFINITE_RECURSION = YES;
				CLANG_WARN_INT_CONVERSION = YES;
				CLANG_WARN_NON_LITERAL_NULL_CONVERSION = YES;
				CLANG_WARN_OBJC_IMPLICIT_RETAIN_SELF = YES;
				CLANG_WARN_OBJC_LITERAL_CONVERSION = YES;
				CLANG_WARN_OBJC_ROOT_CLASS = YES_ERROR;
				CLANG_WARN_QUOTED_INCLUDE_IN_FRAMEWORK_HEADER = YES;
				CLANG_WARN_RANGE_LOOP_ANALYSIS = YES;
				CLANG_WARN_STRICT_PROTOTYPES = YES;
				CLANG_WARN_SUSPICIOUS_MOVE = YES;
				CLANG_WARN_UNGUARDED_AVAILABILITY = YES_AGGRESSIVE;
				CLANG_WARN_UNREACHABLE_CODE = YES;
				CLANG_WARN__DUPLICATE_METHOD_MATCH = YES;
				COPY_PHASE_STRIP = NO;
				DEBUG_INFORMATION_FORMAT = dwarf;
				ENABLE_STRICT_OBJC_MSGSEND = YES;
				ENABLE_TESTABILITY = YES;
				GCC_C_LANGUAGE_STANDARD = gnu11;
				GCC_DYNAMIC_NO_PIC = NO;
				GCC_NO_COMMON_BLOCKS = YES;
				GCC_OPTIMIZATION_LEVEL = 0;
				GCC_PREPROCESSOR_DEFINITIONS = (
					"DEBUG=1",
					"$(inherited)",
				);
				GCC_WARN_64_TO_32_BIT_CONVERSION = YES;
				GCC_WARN_ABOUT_RETURN_TYPE = YES_ERROR;
				GCC_WARN_UNDECLARED_SELECTOR = YES;
				GCC_WARN_UNINITIALIZED_AUTOS = YES_AGGRESSIVE;
				GCC_WARN_UNUSED_FUNCTION = YES;
				GCC_WARN_UNUSED_VARIABLE = YES;
				IPHONEOS_DEPLOYMENT_TARGET = 13.6;
				MTL_ENABLE_DEBUG_INFO = INCLUDE_SOURCE;
				MTL_FAST_MATH = YES;
				ONLY_ACTIVE_ARCH = YES;
				SDKROOT = iphoneos;
				SWIFT_ACTIVE_COMPILATION_CONDITIONS = DEBUG;
				SWIFT_OPTIMIZATION_LEVEL = "-Onone";
			};
			name = Debug;
		};
		94EC3DB924EA42F1007A3E3A /* Release */ = {
			isa = XCBuildConfiguration;
			buildSettings = {
				ALWAYS_SEARCH_USER_PATHS = NO;
				CLANG_ANALYZER_NONNULL = YES;
				CLANG_ANALYZER_NUMBER_OBJECT_CONVERSION = YES_AGGRESSIVE;
				CLANG_CXX_LANGUAGE_STANDARD = "gnu++14";
				CLANG_CXX_LIBRARY = "libc++";
				CLANG_ENABLE_MODULES = YES;
				CLANG_ENABLE_OBJC_ARC = YES;
				CLANG_ENABLE_OBJC_WEAK = YES;
				CLANG_WARN_BLOCK_CAPTURE_AUTORELEASING = YES;
				CLANG_WARN_BOOL_CONVERSION = YES;
				CLANG_WARN_COMMA = YES;
				CLANG_WARN_CONSTANT_CONVERSION = YES;
				CLANG_WARN_DEPRECATED_OBJC_IMPLEMENTATIONS = YES;
				CLANG_WARN_DIRECT_OBJC_ISA_USAGE = YES_ERROR;
				CLANG_WARN_DOCUMENTATION_COMMENTS = YES;
				CLANG_WARN_EMPTY_BODY = YES;
				CLANG_WARN_ENUM_CONVERSION = YES;
				CLANG_WARN_INFINITE_RECURSION = YES;
				CLANG_WARN_INT_CONVERSION = YES;
				CLANG_WARN_NON_LITERAL_NULL_CONVERSION = YES;
				CLANG_WARN_OBJC_IMPLICIT_RETAIN_SELF = YES;
				CLANG_WARN_OBJC_LITERAL_CONVERSION = YES;
				CLANG_WARN_OBJC_ROOT_CLASS = YES_ERROR;
				CLANG_WARN_QUOTED_INCLUDE_IN_FRAMEWORK_HEADER = YES;
				CLANG_WARN_RANGE_LOOP_ANALYSIS = YES;
				CLANG_WARN_STRICT_PROTOTYPES = YES;
				CLANG_WARN_SUSPICIOUS_MOVE = YES;
				CLANG_WARN_UNGUARDED_AVAILABILITY = YES_AGGRESSIVE;
				CLANG_WARN_UNREACHABLE_CODE = YES;
				CLANG_WARN__DUPLICATE_METHOD_MATCH = YES;
				COPY_PHASE_STRIP = NO;
				DEBUG_INFORMATION_FORMAT = "dwarf-with-dsym";
				ENABLE_NS_ASSERTIONS = NO;
				ENABLE_STRICT_OBJC_MSGSEND = YES;
				GCC_C_LANGUAGE_STANDARD = gnu11;
				GCC_NO_COMMON_BLOCKS = YES;
				GCC_WARN_64_TO_32_BIT_CONVERSION = YES;
				GCC_WARN_ABOUT_RETURN_TYPE = YES_ERROR;
				GCC_WARN_UNDECLARED_SELECTOR = YES;
				GCC_WARN_UNINITIALIZED_AUTOS = YES_AGGRESSIVE;
				GCC_WARN_UNUSED_FUNCTION = YES;
				GCC_WARN_UNUSED_VARIABLE = YES;
				IPHONEOS_DEPLOYMENT_TARGET = 13.6;
				MTL_ENABLE_DEBUG_INFO = NO;
				MTL_FAST_MATH = YES;
				SDKROOT = iphoneos;
				SWIFT_COMPILATION_MODE = wholemodule;
				SWIFT_OPTIMIZATION_LEVEL = "-O";
				VALIDATE_PRODUCT = YES;
			};
			name = Release;
		};
		94EC3DBB24EA42F1007A3E3A /* Debug */ = {
			isa = XCBuildConfiguration;
			buildSettings = {
				ASSETCATALOG_COMPILER_APPICON_NAME = AppIcon;
				CODE_SIGN_STYLE = Automatic;
				DEVELOPMENT_ASSET_PATHS = "\"Sit/Preview Content\"";
				DEVELOPMENT_TEAM = 5R3XW76G52;
				ENABLE_PREVIEWS = YES;
				INFOPLIST_FILE = Sit/Info.plist;
				LD_RUNPATH_SEARCH_PATHS = (
					"$(inherited)",
					"@executable_path/Frameworks",
				);
				PRODUCT_BUNDLE_IDENTIFIER = skalnik.Sit;
				PRODUCT_NAME = "$(TARGET_NAME)";
				SWIFT_VERSION = 5.0;
				TARGETED_DEVICE_FAMILY = "1,2";
			};
			name = Debug;
		};
		94EC3DBC24EA42F1007A3E3A /* Release */ = {
			isa = XCBuildConfiguration;
			buildSettings = {
				ASSETCATALOG_COMPILER_APPICON_NAME = AppIcon;
				CODE_SIGN_STYLE = Automatic;
				DEVELOPMENT_ASSET_PATHS = "\"Sit/Preview Content\"";
				DEVELOPMENT_TEAM = 5R3XW76G52;
				ENABLE_PREVIEWS = YES;
				INFOPLIST_FILE = Sit/Info.plist;
				LD_RUNPATH_SEARCH_PATHS = (
					"$(inherited)",
					"@executable_path/Frameworks",
				);
				PRODUCT_BUNDLE_IDENTIFIER = skalnik.Sit;
				PRODUCT_NAME = "$(TARGET_NAME)";
				SWIFT_VERSION = 5.0;
				TARGETED_DEVICE_FAMILY = "1,2";
			};
			name = Release;
		};
/* End XCBuildConfiguration section */

/* Begin XCConfigurationList section */
		94EC3DA124EA42F1007A3E3A /* Build configuration list for PBXProject "Sit" */ = {
			isa = XCConfigurationList;
			buildConfigurations = (
				94EC3DB824EA42F1007A3E3A /* Debug */,
				94EC3DB924EA42F1007A3E3A /* Release */,
			);
			defaultConfigurationIsVisible = 0;
			defaultConfigurationName = Release;
		};
		94EC3DBA24EA42F1007A3E3A /* Build configuration list for PBXNativeTarget "Sit" */ = {
			isa = XCConfigurationList;
			buildConfigurations = (
				94EC3DBB24EA42F1007A3E3A /* Debug */,
				94EC3DBC24EA42F1007A3E3A /* Release */,
			);
			defaultConfigurationIsVisible = 0;
			defaultConfigurationName = Release;
		};
/* End XCConfigurationList section */
	};
	rootObject = 94EC3D9E24EA42F1007A3E3A /* Project object */;
}
